
Microsoft Visual Studio Solution File, Format Version 12.00
# Visual Studio Version 18
VisualStudioVersion = 18.2.11415.280 d18.0
MinimumVisualStudioVersion = 10.0.40219.1
Project("{FAE04EC0-301F-11D3-BF4B-00C04F79EFBC}") = "RE9DotNet-CC", "RE9DotNet-CC.csproj", "{590FC28D-6C1B-EAF1-671E-DAF64AD9E884}"
EndProject
Global
	GlobalSection(SolutionConfigurationPlatforms) = preSolution
		Debug|Any CPU = Debug|Any CPU
		Release|Any CPU = Release|Any CPU
	EndGlobalSection
	GlobalSection(ProjectConfigurationPlatforms) = postSolution
		{590FC28D-6C1B-EAF1-671E-DAF64AD9E884}.Debug|Any CPU.ActiveCfg = Debug|Any CPU
		{590FC28D-6C1B-EAF1-671E-DAF64AD9E884}.Debug|Any CPU.Build.0 = Debug|Any CPU
		{590FC28D-6C1B-EAF1-671E-DAF64AD9E884}.Release|Any CPU.ActiveCfg = Release|Any CPU
		{590FC28D-6C1B-EAF1-671E-DAF64AD9E884}.Release|Any CPU.Build.0 = Release|Any CPU
	EndGlobalSection
	GlobalSection(SolutionProperties) = preSolution
		HideSolutionNode = FALSE
	EndGlobalSection
	GlobalSection(ExtensibilityGlobals) = postSolution
		SolutionGuid = {0E0F9085-E02F-49DD-8DA2-C17A6BDA461C}
	EndGlobalSection
EndGlobal
